schema: '2.0'
stages:
  data_ingestion:
    cmd: python src/data_ingestion.py
    deps:
    - path: src/data_ingestion.py
      hash: md5
      md5: fba414cfc33208b71157bb739000f78f
      size: 7548
    outs:
    - path: data/raw
      hash: md5
      md5: 1a287d34dc172d9f950c03dae35f7e73.dir
      size: 484846
      nfiles: 2
  data_preprocessing:
    cmd: python src/data_preprocessing.py
    deps:
    - path: data/raw
      hash: md5
      md5: 1a287d34dc172d9f950c03dae35f7e73.dir
      size: 484846
      nfiles: 2
    - path: src/data_preprocessing.py
      hash: md5
      md5: c731b220a6f2ead953a6dd1ceb115c8b
      size: 6685
    outs:
    - path: data/interim
      hash: md5
      md5: f52b4516af94989d7fa25edc02a6b1ea.dir
      size: 260073
      nfiles: 2
  feature_engineering:
    cmd: python src/feature_engineering.py
    deps:
    - path: data/interim
      hash: md5
      md5: f52b4516af94989d7fa25edc02a6b1ea.dir
      size: 260073
      nfiles: 2
    - path: src/feature_engineering.py
      hash: md5
      md5: 51cf0f7f0f0c38c124c30598865ce21c
      size: 6060
    outs:
    - path: data/processed
      hash: md5
      md5: 4fb67e32d35a874f3163f92b0f1675b5.dir
      size: 1180188
      nfiles: 2
  model_training:
    cmd: python src/model_training.py
    deps:
    - path: data/processed
      hash: md5
      md5: 4fb67e32d35a874f3163f92b0f1675b5.dir
      size: 1180188
      nfiles: 2
    - path: src/model_training.py
      hash: md5
      md5: 9205c71f135646fe06e6ad0784eff06c
      size: 6252
    outs:
    - path: models/model.pkl
      hash: md5
      md5: ec550496025a4bc6db870d05623a01d6
      size: 998454
  model_evaluation:
    cmd: python src/model_evaluation.py
    deps:
    - path: data/processed
      hash: md5
      md5: 4fb67e32d35a874f3163f92b0f1675b5.dir
      size: 1180188
      nfiles: 2
    - path: models/model.pkl
      hash: md5
      md5: ec550496025a4bc6db870d05623a01d6
      size: 998454
    - path: src/model_evaluation.py
      hash: md5
      md5: 39968c8034f97ae82876a3fcf274e5e3
      size: 6536
    outs:
    - path: reports/metrics.json
      hash: md5
      md5: 7964b5fc3ea11439427944c72770435a
      size: 126
